
Microsoft Visual Studio Solution File, Format Version 12.00
# Visual Studio Version 17
VisualStudioVersion = 17.11.35219.272
MinimumVisualStudioVersion = 10.0.40219.1
Project("{FAE04EC0-301F-11D3-BF4B-00C04F79EFBC}") = "BookStoreManagement", "BookStoreManagement\BookStoreManagement.csproj", "{732A7B8C-6DEF-4463-9E73-962AB5455613}"
EndProject
Project("{FAE04EC0-301F-11D3-BF4B-00C04F79EFBC}") = "BookStoreManagement.Core", "BookStoreManagement.Core\BookStoreManagement.Core.csproj", "{2A33AE3C-4254-42E9-8680-686BD59F1C67}"
EndProject
Project("{FAE04EC0-301F-11D3-BF4B-00C04F79EFBC}") = "BookStoreManagement.DataAccess", "BookStoreManagement.DataAccess\BookStoreManagement.DataAccess.csproj", "{B9D78F99-470F-41BC-8EF5-1879F2784DB3}"
EndProject
Global
	GlobalSection(SolutionConfigurationPlatforms) = preSolution
		Debug|Any CPU = Debug|Any CPU
		Release|Any CPU = Release|Any CPU
	EndGlobalSection
	GlobalSection(ProjectConfigurationPlatforms) = postSolution
		{732A7B8C-6DEF-4463-9E73-962AB5455613}.Debug|Any CPU.ActiveCfg = Debug|Any CPU
		{732A7B8C-6DEF-4463-9E73-962AB5455613}.Debug|Any CPU.Build.0 = Debug|Any CPU
		{732A7B8C-6DEF-4463-9E73-962AB5455613}.Release|Any CPU.ActiveCfg = Release|Any CPU
		{732A7B8C-6DEF-4463-9E73-962AB5455613}.Release|Any CPU.Build.0 = Release|Any CPU
		{2A33AE3C-4254-42E9-8680-686BD59F1C67}.Debug|Any CPU.ActiveCfg = Debug|Any CPU
		{2A33AE3C-4254-42E9-8680-686BD59F1C67}.Debug|Any CPU.Build.0 = Debug|Any CPU
		{2A33AE3C-4254-42E9-8680-686BD59F1C67}.Release|Any CPU.ActiveCfg = Release|Any CPU
		{2A33AE3C-4254-42E9-8680-686BD59F1C67}.Release|Any CPU.Build.0 = Release|Any CPU
		{B9D78F99-470F-41BC-8EF5-1879F2784DB3}.Debug|Any CPU.ActiveCfg = Debug|Any CPU
		{B9D78F99-470F-41BC-8EF5-1879F2784DB3}.Debug|Any CPU.Build.0 = Debug|Any CPU
		{B9D78F99-470F-41BC-8EF5-1879F2784DB3}.Release|Any CPU.ActiveCfg = Release|Any CPU
		{B9D78F99-470F-41BC-8EF5-1879F2784DB3}.Release|Any CPU.Build.0 = Release|Any CPU
	EndGlobalSection
	GlobalSection(SolutionProperties) = preSolution
		HideSolutionNode = FALSE
	EndGlobalSection
	GlobalSection(ExtensibilityGlobals) = postSolution
		SolutionGuid = {7CACC5A1-C519-4EA2-95CC-50C8390039C4}
	EndGlobalSection
EndGlobal
