
Microsoft Visual Studio Solution File, Format Version 12.00
# Visual Studio Version 17
VisualStudioVersion = 17.11.35219.272
MinimumVisualStudioVersion = 10.0.40219.1
Project("{FAE04EC0-301F-11D3-BF4B-00C04F79EFBC}") = "BookStoreManagement", "BookStoreManagement\BookStoreManagement.csproj", "{4650DCE8-2979-424F-906B-AA5A39C593D4}"
EndProject
Global
	GlobalSection(SolutionConfigurationPlatforms) = preSolution
		Debug|Any CPU = Debug|Any CPU
		Release|Any CPU = Release|Any CPU
	EndGlobalSection
	GlobalSection(ProjectConfigurationPlatforms) = postSolution
		{4650DCE8-2979-424F-906B-AA5A39C593D4}.Debug|Any CPU.ActiveCfg = Debug|Any CPU
		{4650DCE8-2979-424F-906B-AA5A39C593D4}.Debug|Any CPU.Build.0 = Debug|Any CPU
		{4650DCE8-2979-424F-906B-AA5A39C593D4}.Release|Any CPU.ActiveCfg = Release|Any CPU
		{4650DCE8-2979-424F-906B-AA5A39C593D4}.Release|Any CPU.Build.0 = Release|Any CPU
	EndGlobalSection
	GlobalSection(SolutionProperties) = preSolution
		HideSolutionNode = FALSE
	EndGlobalSection
	GlobalSection(ExtensibilityGlobals) = postSolution
		SolutionGuid = {7B47C8AD-864A-44C4-BAC9-FEA9FAA24131}
	EndGlobalSection
EndGlobal
